
Microsoft Visual Studio Solution File, Format Version 12.00
# Visual Studio Version 17
VisualStudioVersion = 17.6.33829.357
MinimumVisualStudioVersion = 10.0.40219.1
Project("{FAE04EC0-301F-11D3-BF4B-00C04F79EFBC}") = "CarManager", "CarManager.csproj", "{AA9D22C4-0116-44E3-82BE-32CF0A981FE3}"
EndProject
Global
	GlobalSection(SolutionConfigurationPlatforms) = preSolution
		Debug|Any CPU = Debug|Any CPU
		Release|Any CPU = Release|Any CPU
	EndGlobalSection
	GlobalSection(ProjectConfigurationPlatforms) = postSolution
		{AA9D22C4-0116-44E3-82BE-32CF0A981FE3}.Debug|Any CPU.ActiveCfg = Debug|Any CPU
		{AA9D22C4-0116-44E3-82BE-32CF0A981FE3}.Debug|Any CPU.Build.0 = Debug|Any CPU
		{AA9D22C4-0116-44E3-82BE-32CF0A981FE3}.Debug|Any CPU.Deploy.0 = Debug|Any CPU
		{AA9D22C4-0116-44E3-82BE-32CF0A981FE3}.Release|Any CPU.ActiveCfg = Release|Any CPU
		{AA9D22C4-0116-44E3-82BE-32CF0A981FE3}.Release|Any CPU.Build.0 = Release|Any CPU
		{AA9D22C4-0116-44E3-82BE-32CF0A981FE3}.Release|Any CPU.Deploy.0 = Release|Any CPU
	EndGlobalSection
	GlobalSection(SolutionProperties) = preSolution
		HideSolutionNode = FALSE
	EndGlobalSection
	GlobalSection(ExtensibilityGlobals) = postSolution
		SolutionGuid = {09381628-8679-41CA-8E7B-4E61A3833F02}
	EndGlobalSection
EndGlobal
